// !$*UTF8*$!
{
	archiveVersion = 1;
	classes = {
	};
	objectVersion = 77;
	objects = {

/* Begin PBXContainerItemProxy section */
		C1D92B322E33F1B200D59050 /* PBXContainerItemProxy */ = {
			isa = PBXContainerItemProxy;
			containerPortal = C1D92B192E33F1B100D59050 /* Project object */;
			proxyType = 1;
			remoteGlobalIDString = C1D92B202E33F1B100D59050;
			remoteInfo = ExpensesTracker;
		};
		C1D92B3C2E33F1B200D59050 /* PBXContainerItemProxy */ = {
			isa = PBXContainerItemProxy;
			containerPortal = C1D92B192E33F1B100D59050 /* Project object */;
			proxyType = 1;
			remoteGlobalIDString = C1D92B202E33F1B100D59050;
			remoteInfo = ExpensesTracker;
		};
/* End PBXContainerItemProxy section */

/* Begin PBXFileReference section */
		C1D92B212E33F1B100D59050 /* ExpensesTracker.app */ = {isa = PBXFileReference; explicitFileType = wrapper.application; includeInIndex = 0; path = ExpensesTracker.app; sourceTree = BUILT_PRODUCTS_DIR; };
		C1D92B312E33F1B200D59050 /* ExpensesTrackerTests.xctest */ = {isa = PBXFileReference; explicitFileType = wrapper.cfbundle; includeInIndex = 0; path = ExpensesTrackerTests.xctest; sourceTree = BUILT_PRODUCTS_DIR; };
		C1D92B3B2E33F1B200D59050 /* ExpensesTrackerUITests.xctest */ = {isa = PBXFileReference; explicitFileType = wrapper.cfbundle; includeInIndex = 0; path = ExpensesTrackerUITests.xctest; sourceTree = BUILT_PRODUCTS_DIR; };
/* End PBXFileReference section */

/* Begin PBXFileSystemSynchronizedBuildFileExceptionSet section */
		C1D92B632E3428B000D59050 /* Exceptions for "ExpensesTracker" folder in "ExpensesTracker" target */ = {
			isa = PBXFileSystemSynchronizedBuildFileExceptionSet;
			membershipExceptions = (
				Info.plist,
			);
			target = C1D92B202E33F1B100D59050 /* ExpensesTracker */;
		};
/* End PBXFileSystemSynchronizedBuildFileExceptionSet section */

/* Begin PBXFileSystemSynchronizedRootGroup section */
		C1D92B232E33F1B100D59050 /* ExpensesTracker */ = {
			isa = PBXFileSystemSynchronizedRootGroup;
			exceptions = (
				C1D92B632E3428B000D59050 /* Exceptions for "ExpensesTracker" folder in "ExpensesTracker" target */,
			);
			path = ExpensesTracker;
			sourceTree = "<group>";
		};
		C1D92B342E33F1B200D59050 /* ExpensesTrackerTests */ = {
			isa = PBXFileSystemSynchronizedRootGroup;
			path = ExpensesTrackerTests;
			sourceTree = "<group>";
		};
		C1D92B3E2E33F1B200D59050 /* ExpensesTrackerUITests */ = {
			isa = PBXFileSystemSynchronizedRootGroup;
			path = ExpensesTrackerUITests;
			sourceTree = "<group>";
		};
/* End PBXFileSystemSynchronizedRootGroup section */

/* Begin PBXFrameworksBuildPhase section */
		C1D92B1E2E33F1B100D59050 /* Frameworks */ = {
			isa = PBXFrameworksBuildPhase;
			buildActionMask = 2147483647;
			files = (
			);
			runOnlyForDeploymentPostprocessing = 0;
		};
		C1D92B2E2E33F1B200D59050 /* Frameworks */ = {
			isa = PBXFrameworksBuildPhase;
			buildActionMask = 2147483647;
			files = (
			);
			runOnlyForDeploymentPostprocessing = 0;
		};
		C1D92B382E33F1B200D59050 /* Frameworks */ = {
			isa = PBXFrameworksBuildPhase;
			buildActionMask = 2147483647;
			files = (
			);
			runOnlyForDeploymentPostprocessing = 0;
		};
/* End PBXFrameworksBuildPhase section */

/* Begin PBXGroup section */
		C1D92B182E33F1B100D59050 = {
			isa = PBXGroup;
			children = (
				C1D92B232E33F1B100D59050 /* ExpensesTracker */,
				C1D92B342E33F1B200D59050 /* ExpensesTrackerTests */,
				C1D92B3E2E33F1B200D59050 /* ExpensesTrackerUITests */,
				C1D92B222E33F1B100D59050 /* Products */,
			);
			sourceTree = "<group>";
		};
		C1D92B222E33F1B100D59050 /* Products */ = {
			isa = PBXGroup;
			children = (
				C1D92B212E33F1B100D59050 /* ExpensesTracker.app */,
				C1D92B312E33F1B200D59050 /* ExpensesTrackerTests.xctest */,
				C1D92B3B2E33F1B200D59050 /* ExpensesTrackerUITests.xctest */,
			);
			name = Products;
			sourceTree = "<group>";
		};
/* End PBXGroup section */

/* Begin PBXNativeTarget section */
		C1D92B202E33F1B100D59050 /* ExpensesTracker */ = {
			isa = PBXNativeTarget;
			buildConfigurationList = C1D92B452E33F1B200D59050 /* Build configuration list for PBXNativeTarget "ExpensesTracker" */;
			buildPhases = (
				C1D92B1D2E33F1B100D59050 /* Sources */,
				C1D92B1E2E33F1B100D59050 /* Frameworks */,
				C1D92B1F2E33F1B100D59050 /* Resources */,
			);
			buildRules = (
			);
			dependencies = (
				C1D92B522E33FAC800D59050 /* PBXTargetDependency */,
			);
			fileSystemSynchronizedGroups = (
				C1D92B232E33F1B100D59050 /* ExpensesTracker */,
			);
			name = ExpensesTracker;
			packageProductDependencies = (
			);
			productName = ExpensesTracker;
			productReference = C1D92B212E33F1B100D59050 /* ExpensesTracker.app */;
			productType = "com.apple.product-type.application";
		};
		C1D92B302E33F1B200D59050 /* ExpensesTrackerTests */ = {
			isa = PBXNativeTarget;
			buildConfigurationList = C1D92B482E33F1B200D59050 /* Build configuration list for PBXNativeTarget "ExpensesTrackerTests" */;
			buildPhases = (
				C1D92B2D2E33F1B200D59050 /* Sources */,
				C1D92B2E2E33F1B200D59050 /* Frameworks */,
				C1D92B2F2E33F1B200D59050 /* Resources */,
			);
			buildRules = (
			);
			dependencies = (
				C1D92B332E33F1B200D59050 /* PBXTargetDependency */,
			);
			fileSystemSynchronizedGroups = (
				C1D92B342E33F1B200D59050 /* ExpensesTrackerTests */,
			);
			name = ExpensesTrackerTests;
			packageProductDependencies = (
			);
			productName = ExpensesTrackerTests;
			productReference = C1D92B312E33F1B200D59050 /* ExpensesTrackerTests.xctest */;
			productType = "com.apple.product-type.bundle.unit-test";
		};
		C1D92B3A2E33F1B200D59050 /* ExpensesTrackerUITests */ = {
			isa = PBXNativeTarget;
			buildConfigurationList = C1D92B4B2E33F1B200D59050 /* Build configuration list for PBXNativeTarget "ExpensesTrackerUITests" */;
			buildPhases = (
				C1D92B372E33F1B200D59050 /* Sources */,
				C1D92B382E33F1B200D59050 /* Frameworks */,
				C1D92B392E33F1B200D59050 /* Resources */,
			);
			buildRules = (
			);
			dependencies = (
				C1D92B3D2E33F1B200D59050 /* PBXTargetDependency */,
			);
			fileSystemSynchronizedGroups = (
				C1D92B3E2E33F1B200D59050 /* ExpensesTrackerUITests */,
			);
			name = ExpensesTrackerUITests;
			packageProductDependencies = (
			);
			productName = ExpensesTrackerUITests;
			productReference = C1D92B3B2E33F1B200D59050 /* ExpensesTrackerUITests.xctest */;
			productType = "com.apple.product-type.bundle.ui-testing";
		};
/* End PBXNativeTarget section */

/* Begin PBXProject section */
		C1D92B192E33F1B100D59050 /* Project object */ = {
			isa = PBXProject;
			attributes = {
				BuildIndependentTargetsInParallel = 1;
				LastSwiftUpdateCheck = 1620;
				LastUpgradeCheck = 1620;
				TargetAttributes = {
					C1D92B202E33F1B100D59050 = {
						CreatedOnToolsVersion = 16.2;
					};
					C1D92B302E33F1B200D59050 = {
						CreatedOnToolsVersion = 16.2;
						TestTargetID = C1D92B202E33F1B100D59050;
					};
					C1D92B3A2E33F1B200D59050 = {
						CreatedOnToolsVersion = 16.2;
						TestTargetID = C1D92B202E33F1B100D59050;
					};
				};
			};
			buildConfigurationList = C1D92B1C2E33F1B100D59050 /* Build configuration list for PBXProject "ExpensesTracker" */;
			developmentRegion = en;
			hasScannedForEncodings = 0;
			knownRegions = (
				en,
				Base,
			);
			mainGroup = C1D92B182E33F1B100D59050;
			minimizedProjectReferenceProxies = 1;
			packageReferences = (
				C1D92B502E33FA9E00D59050 /* XCRemoteSwiftPackageReference "SwiftLint" */,
			);
			preferredProjectObjectVersion = 77;
			productRefGroup = C1D92B222E33F1B100D59050 /* Products */;
			projectDirPath = "";
			projectRoot = "";
			targets = (
				C1D92B202E33F1B100D59050 /* ExpensesTracker */,
				C1D92B302E33F1B200D59050 /* ExpensesTrackerTests */,
				C1D92B3A2E33F1B200D59050 /* ExpensesTrackerUITests */,
			);
		};
/* End PBXProject section */

/* Begin PBXResourcesBuildPhase section */
		C1D92B1F2E33F1B100D59050 /* Resources */ = {
			isa = PBXResourcesBuildPhase;
			buildActionMask = 2147483647;
			files = (
			);
			runOnlyForDeploymentPostprocessing = 0;
		};
		C1D92B2F2E33F1B200D59050 /* Resources */ = {
			isa = PBXResourcesBuildPhase;
			buildActionMask = 2147483647;
			files = (
			);
			runOnlyForDeploymentPostprocessing = 0;
		};
		C1D92B392E33F1B200D59050 /* Resources */ = {
			isa = PBXResourcesBuildPhase;
			buildActionMask = 2147483647;
			files = (
			);
			runOnlyForDeploymentPostprocessing = 0;
		};
/* End PBXResourcesBuildPhase section */

/* Begin PBXSourcesBuildPhase section */
		C1D92B1D2E33F1B100D59050 /* Sources */ = {
			isa = PBXSourcesBuildPhase;
			buildActionMask = 2147483647;
			files = (
			);
			runOnlyForDeploymentPostprocessing = 0;
		};
		C1D92B2D2E33F1B200D59050 /* Sources */ = {
			isa = PBXSourcesBuildPhase;
			buildActionMask = 2147483647;
			files = (
			);
			runOnlyForDeploymentPostprocessing = 0;
		};
		C1D92B372E33F1B200D59050 /* Sources */ = {
			isa = PBXSourcesBuildPhase;
			buildActionMask = 2147483647;
			files = (
			);
			runOnlyForDeploymentPostprocessing = 0;
		};
/* End PBXSourcesBuildPhase section */

/* Begin PBXTargetDependency section */
		C1D92B332E33F1B200D59050 /* PBXTargetDependency */ = {
			isa = PBXTargetDependency;
			target = C1D92B202E33F1B100D59050 /* ExpensesTracker */;
			targetProxy = C1D92B322E33F1B200D59050 /* PBXContainerItemProxy */;
		};
		C1D92B3D2E33F1B200D59050 /* PBXTargetDependency */ = {
			isa = PBXTargetDependency;
			target = C1D92B202E33F1B100D59050 /* ExpensesTracker */;
			targetProxy = C1D92B3C2E33F1B200D59050 /* PBXContainerItemProxy */;
		};
		C1D92B522E33FAC800D59050 /* PBXTargetDependency */ = {
			isa = PBXTargetDependency;
			productRef = C1D92B512E33FAC800D59050 /* SwiftLintBuildToolPlugin */;
		};
/* End PBXTargetDependency section */

/* Begin XCBuildConfiguration section */
		C1D92B432E33F1B200D59050 /* Debug */ = {
			isa = XCBuildConfiguration;
			buildSettings = {
				ALWAYS_SEARCH_USER_PATHS = NO;
				ASSETCATALOG_COMPILER_GENERATE_SWIFT_ASSET_SYMBOL_EXTENSIONS = YES;
				CLANG_ANALYZER_NONNULL = YES;
				CLANG_ANALYZER_NUMBER_OBJECT_CONVERSION = YES_AGGRESSIVE;
				CLANG_CXX_LANGUAGE_STANDARD = "gnu++20";
				CLANG_ENABLE_MODULES = YES;
				CLANG_ENABLE_OBJC_ARC = YES;
				CLANG_ENABLE_OBJC_WEAK = YES;
				CLANG_WARN_BLOCK_CAPTURE_AUTORELEASING = YES;
				CLANG_WARN_BOOL_CONVERSION = YES;
				CLANG_WARN_COMMA = YES;
				CLANG_WARN_CONSTANT_CONVERSION = YES;
				CLANG_WARN_DEPRECATED_OBJC_IMPLEMENTATIONS = YES;
				CLANG_WARN_DIRECT_OBJC_ISA_USAGE = YES_ERROR;
				CLANG_WARN_DOCUMENTATION_COMMENTS = YES;
				CLANG_WARN_EMPTY_BODY = YES;
				CLANG_WARN_ENUM_CONVERSION = YES;
				CLANG_WARN_INFINITE_RECURSION = YES;
				CLANG_WARN_INT_CONVERSION = YES;
				CLANG_WARN_NON_LITERAL_NULL_CONVERSION = YES;
				CLANG_WARN_OBJC_IMPLICIT_RETAIN_SELF = YES;
				CLANG_WARN_OBJC_LITERAL_CONVERSION = YES;
				CLANG_WARN_OBJC_ROOT_CLASS = YES_ERROR;
				CLANG_WARN_QUOTED_INCLUDE_IN_FRAMEWORK_HEADER = YES;
				CLANG_WARN_RANGE_LOOP_ANALYSIS = YES;
				CLANG_WARN_STRICT_PROTOTYPES = YES;
				CLANG_WARN_SUSPICIOUS_MOVE = YES;
				CLANG_WARN_UNGUARDED_AVAILABILITY = YES_AGGRESSIVE;
				CLANG_WARN_UNREACHABLE_CODE = YES;
				CLANG_WARN__DUPLICATE_METHOD_MATCH = YES;
				COPY_PHASE_STRIP = NO;
				DEBUG_INFORMATION_FORMAT = dwarf;
				ENABLE_STRICT_OBJC_MSGSEND = YES;
				ENABLE_TESTABILITY = YES;
				ENABLE_USER_SCRIPT_SANDBOXING = YES;
				GCC_C_LANGUAGE_STANDARD = gnu17;
				GCC_DYNAMIC_NO_PIC = NO;
				GCC_NO_COMMON_BLOCKS = YES;
				GCC_OPTIMIZATION_LEVEL = 0;
				GCC_PREPROCESSOR_DEFINITIONS = (
					"DEBUG=1",
					"$(inherited)",
				);
				GCC_WARN_64_TO_32_BIT_CONVERSION = YES;
				GCC_WARN_ABOUT_RETURN_TYPE = YES_ERROR;
				GCC_WARN_UNDECLARED_SELECTOR = YES;
				GCC_WARN_UNINITIALIZED_AUTOS = YES_AGGRESSIVE;
				GCC_WARN_UNUSED_FUNCTION = YES;
				GCC_WARN_UNUSED_VARIABLE = YES;
				IPHONEOS_DEPLOYMENT_TARGET = 18.2;
				LOCALIZATION_PREFERS_STRING_CATALOGS = YES;
				MTL_ENABLE_DEBUG_INFO = INCLUDE_SOURCE;
				MTL_FAST_MATH = YES;
				ONLY_ACTIVE_ARCH = YES;
				SDKROOT = iphoneos;
				SWIFT_ACTIVE_COMPILATION_CONDITIONS = "DEBUG $(inherited)";
				SWIFT_OPTIMIZATION_LEVEL = "-Onone";
			};
			name = Debug;
		};
		C1D92B442E33F1B200D59050 /* Release */ = {
			isa = XCBuildConfiguration;
			buildSettings = {
				ALWAYS_SEARCH_USER_PATHS = NO;
				ASSETCATALOG_COMPILER_GENERATE_SWIFT_ASSET_SYMBOL_EXTENSIONS = YES;
				CLANG_ANALYZER_NONNULL = YES;
				CLANG_ANALYZER_NUMBER_OBJECT_CONVERSION = YES_AGGRESSIVE;
				CLANG_CXX_LANGUAGE_STANDARD = "gnu++20";
				CLANG_ENABLE_MODULES = YES;
				CLANG_ENABLE_OBJC_ARC = YES;
				CLANG_ENABLE_OBJC_WEAK = YES;
				CLANG_WARN_BLOCK_CAPTURE_AUTORELEASING = YES;
				CLANG_WARN_BOOL_CONVERSION = YES;
				CLANG_WARN_COMMA = YES;
				CLANG_WARN_CONSTANT_CONVERSION = YES;
				CLANG_WARN_DEPRECATED_OBJC_IMPLEMENTATIONS = YES;
				CLANG_WARN_DIRECT_OBJC_ISA_USAGE = YES_ERROR;
				CLANG_WARN_DOCUMENTATION_COMMENTS = YES;
				CLANG_WARN_EMPTY_BODY = YES;
				CLANG_WARN_ENUM_CONVERSION = YES;
				CLANG_WARN_INFINITE_RECURSION = YES;
				CLANG_WARN_INT_CONVERSION = YES;
				CLANG_WARN_NON_LITERAL_NULL_CONVERSION = YES;
				CLANG_WARN_OBJC_IMPLICIT_RETAIN_SELF = YES;
				CLANG_WARN_OBJC_LITERAL_CONVERSION = YES;
				CLANG_WARN_OBJC_ROOT_CLASS = YES_ERROR;
				CLANG_WARN_QUOTED_INCLUDE_IN_FRAMEWORK_HEADER = YES;
				CLANG_WARN_RANGE_LOOP_ANALYSIS = YES;
				CLANG_WARN_STRICT_PROTOTYPES = YES;
				CLANG_WARN_SUSPICIOUS_MOVE = YES;
				CLANG_WARN_UNGUARDED_AVAILABILITY = YES_AGGRESSIVE;
				CLANG_WARN_UNREACHABLE_CODE = YES;
				CLANG_WARN__DUPLICATE_METHOD_MATCH = YES;
				COPY_PHASE_STRIP = NO;
				DEBUG_INFORMATION_FORMAT = "dwarf-with-dsym";
				ENABLE_NS_ASSERTIONS = NO;
				ENABLE_STRICT_OBJC_MSGSEND = YES;
				ENABLE_USER_SCRIPT_SANDBOXING = YES;
				GCC_C_LANGUAGE_STANDARD = gnu17;
				GCC_NO_COMMON_BLOCKS = YES;
				GCC_WARN_64_TO_32_BIT_CONVERSION = YES;
				GCC_WARN_ABOUT_RETURN_TYPE = YES_ERROR;
				GCC_WARN_UNDECLARED_SELECTOR = YES;
				GCC_WARN_UNINITIALIZED_AUTOS = YES_AGGRESSIVE;
				GCC_WARN_UNUSED_FUNCTION = YES;
				GCC_WARN_UNUSED_VARIABLE = YES;
				IPHONEOS_DEPLOYMENT_TARGET = 18.2;
				LOCALIZATION_PREFERS_STRING_CATALOGS = YES;
				MTL_ENABLE_DEBUG_INFO = NO;
				MTL_FAST_MATH = YES;
				SDKROOT = iphoneos;
				SWIFT_COMPILATION_MODE = wholemodule;
				VALIDATE_PRODUCT = YES;
			};
			name = Release;
		};
		C1D92B462E33F1B200D59050 /* Debug */ = {
			isa = XCBuildConfiguration;
			buildSettings = {
				ASSETCATALOG_COMPILER_APPICON_NAME = AppIcon;
				ASSETCATALOG_COMPILER_GLOBAL_ACCENT_COLOR_NAME = AccentColor;
				CODE_SIGN_STYLE = Automatic;
				CURRENT_PROJECT_VERSION = 1;
				DEVELOPMENT_ASSET_PATHS = "\"ExpensesTracker/Preview Content\"";
				DEVELOPMENT_TEAM = 823685848T;
				ENABLE_PREVIEWS = YES;
				GENERATE_INFOPLIST_FILE = YES;
				INFOPLIST_FILE = ExpensesTracker/Info.plist;
				INFOPLIST_KEY_UIApplicationSceneManifest_Generation = YES;
				INFOPLIST_KEY_UIApplicationSupportsIndirectInputEvents = YES;
				INFOPLIST_KEY_UILaunchScreen_Generation = YES;
				INFOPLIST_KEY_UISupportedInterfaceOrientations_iPad = "UIInterfaceOrientationPortrait UIInterfaceOrientationPortraitUpsideDown UIInterfaceOrientationLandscapeLeft UIInterfaceOrientationLandscapeRight";
				INFOPLIST_KEY_UISupportedInterfaceOrientations_iPhone = "UIInterfaceOrientationPortrait UIInterfaceOrientationLandscapeLeft UIInterfaceOrientationLandscapeRight";
				LD_RUNPATH_SEARCH_PATHS = (
					"$(inherited)",
					"@executable_path/Frameworks",
				);
				MARKETING_VERSION = 1.0;
				PRODUCT_BUNDLE_IDENTIFIER = jorge.ExpensesTracker;
				PRODUCT_NAME = "$(TARGET_NAME)";
				SWIFT_EMIT_LOC_STRINGS = YES;
				SWIFT_VERSION = 5.0;
				TARGETED_DEVICE_FAMILY = "1,2";
			};
			name = Debug;
		};
		C1D92B472E33F1B200D59050 /* Release */ = {
			isa = XCBuildConfiguration;
			buildSettings = {
				ASSETCATALOG_COMPILER_APPICON_NAME = AppIcon;
				ASSETCATALOG_COMPILER_GLOBAL_ACCENT_COLOR_NAME = AccentColor;
				CODE_SIGN_STYLE = Automatic;
				CURRENT_PROJECT_VERSION = 1;
				DEVELOPMENT_ASSET_PATHS = "\"ExpensesTracker/Preview Content\"";
				DEVELOPMENT_TEAM = 823685848T;
				ENABLE_PREVIEWS = YES;
				GENERATE_INFOPLIST_FILE = YES;
				INFOPLIST_FILE = ExpensesTracker/Info.plist;
				INFOPLIST_KEY_UIApplicationSceneManifest_Generation = YES;
				INFOPLIST_KEY_UIApplicationSupportsIndirectInputEvents = YES;
				INFOPLIST_KEY_UILaunchScreen_Generation = YES;
				INFOPLIST_KEY_UISupportedInterfaceOrientations_iPad = "UIInterfaceOrientationPortrait UIInterfaceOrientationPortraitUpsideDown UIInterfaceOrientationLandscapeLeft UIInterfaceOrientationLandscapeRight";
				INFOPLIST_KEY_UISupportedInterfaceOrientations_iPhone = "UIInterfaceOrientationPortrait UIInterfaceOrientationLandscapeLeft UIInterfaceOrientationLandscapeRight";
				LD_RUNPATH_SEARCH_PATHS = (
					"$(inherited)",
					"@executable_path/Frameworks",
				);
				MARKETING_VERSION = 1.0;
				PRODUCT_BUNDLE_IDENTIFIER = jorge.ExpensesTracker;
				PRODUCT_NAME = "$(TARGET_NAME)";
				SWIFT_EMIT_LOC_STRINGS = YES;
				SWIFT_VERSION = 5.0;
				TARGETED_DEVICE_FAMILY = "1,2";
			};
			name = Release;
		};
		C1D92B492E33F1B200D59050 /* Debug */ = {
			isa = XCBuildConfiguration;
			buildSettings = {
				BUNDLE_LOADER = "$(TEST_HOST)";
				CODE_SIGN_STYLE = Automatic;
				CURRENT_PROJECT_VERSION = 1;
				DEVELOPMENT_TEAM = 823685848T;
				GENERATE_INFOPLIST_FILE = YES;
				IPHONEOS_DEPLOYMENT_TARGET = 18.2;
				MARKETING_VERSION = 1.0;
				PRODUCT_BUNDLE_IDENTIFIER = jorge.ExpensesTrackerTests;
				PRODUCT_NAME = "$(TARGET_NAME)";
				SWIFT_EMIT_LOC_STRINGS = NO;
				SWIFT_VERSION = 5.0;
				TARGETED_DEVICE_FAMILY = "1,2";
				TEST_HOST = "$(BUILT_PRODUCTS_DIR)/ExpensesTracker.app/$(BUNDLE_EXECUTABLE_FOLDER_PATH)/ExpensesTracker";
			};
			name = Debug;
		};
		C1D92B4A2E33F1B200D59050 /* Release */ = {
			isa = XCBuildConfiguration;
			buildSettings = {
				BUNDLE_LOADER = "$(TEST_HOST)";
				CODE_SIGN_STYLE = Automatic;
				CURRENT_PROJECT_VERSION = 1;
				DEVELOPMENT_TEAM = 823685848T;
				GENERATE_INFOPLIST_FILE = YES;
				IPHONEOS_DEPLOYMENT_TARGET = 18.2;
				MARKETING_VERSION = 1.0;
				PRODUCT_BUNDLE_IDENTIFIER = jorge.ExpensesTrackerTests;
				PRODUCT_NAME = "$(TARGET_NAME)";
				SWIFT_EMIT_LOC_STRINGS = NO;
				SWIFT_VERSION = 5.0;
				TARGETED_DEVICE_FAMILY = "1,2";
				TEST_HOST = "$(BUILT_PRODUCTS_DIR)/ExpensesTracker.app/$(BUNDLE_EXECUTABLE_FOLDER_PATH)/ExpensesTracker";
			};
			name = Release;
		};
		C1D92B4C2E33F1B200D59050 /* Debug */ = {
			isa = XCBuildConfiguration;
			buildSettings = {
				CODE_SIGN_STYLE = Automatic;
				CURRENT_PROJECT_VERSION = 1;
				DEVELOPMENT_TEAM = 823685848T;
				GENERATE_INFOPLIST_FILE = YES;
				MARKETING_VERSION = 1.0;
				PRODUCT_BUNDLE_IDENTIFIER = jorge.ExpensesTrackerUITests;
				PRODUCT_NAME = "$(TARGET_NAME)";
				SWIFT_EMIT_LOC_STRINGS = NO;
				SWIFT_VERSION = 5.0;
				TARGETED_DEVICE_FAMILY = "1,2";
				TEST_TARGET_NAME = ExpensesTracker;
			};
			name = Debug;
		};
		C1D92B4D2E33F1B200D59050 /* Release */ = {
			isa = XCBuildConfiguration;
			buildSettings = {
				CODE_SIGN_STYLE = Automatic;
				CURRENT_PROJECT_VERSION = 1;
				DEVELOPMENT_TEAM = 823685848T;
				GENERATE_INFOPLIST_FILE = YES;
				MARKETING_VERSION = 1.0;
				PRODUCT_BUNDLE_IDENTIFIER = jorge.ExpensesTrackerUITests;
				PRODUCT_NAME = "$(TARGET_NAME)";
				SWIFT_EMIT_LOC_STRINGS = NO;
				SWIFT_VERSION = 5.0;
				TARGETED_DEVICE_FAMILY = "1,2";
				TEST_TARGET_NAME = ExpensesTracker;
			};
			name = Release;
		};
/* End XCBuildConfiguration section */

/* Begin XCConfigurationList section */
		C1D92B1C2E33F1B100D59050 /* Build configuration list for PBXProject "ExpensesTracker" */ = {
			isa = XCConfigurationList;
			buildConfigurations = (
				C1D92B432E33F1B200D59050 /* Debug */,
				C1D92B442E33F1B200D59050 /* Release */,
			);
			defaultConfigurationIsVisible = 0;
			defaultConfigurationName = Release;
		};
		C1D92B452E33F1B200D59050 /* Build configuration list for PBXNativeTarget "ExpensesTracker" */ = {
			isa = XCConfigurationList;
			buildConfigurations = (
				C1D92B462E33F1B200D59050 /* Debug */,
				C1D92B472E33F1B200D59050 /* Release */,
			);
			defaultConfigurationIsVisible = 0;
			defaultConfigurationName = Release;
		};
		C1D92B482E33F1B200D59050 /* Build configuration list for PBXNativeTarget "ExpensesTrackerTests" */ = {
			isa = XCConfigurationList;
			buildConfigurations = (
				C1D92B492E33F1B200D59050 /* Debug */,
				C1D92B4A2E33F1B200D59050 /* Release */,
			);
			defaultConfigurationIsVisible = 0;
			defaultConfigurationName = Release;
		};
		C1D92B4B2E33F1B200D59050 /* Build configuration list for PBXNativeTarget "ExpensesTrackerUITests" */ = {
			isa = XCConfigurationList;
			buildConfigurations = (
				C1D92B4C2E33F1B200D59050 /* Debug */,
				C1D92B4D2E33F1B200D59050 /* Release */,
			);
			defaultConfigurationIsVisible = 0;
			defaultConfigurationName = Release;
		};
/* End XCConfigurationList section */

/* Begin XCRemoteSwiftPackageReference section */
		C1D92B502E33FA9E00D59050 /* XCRemoteSwiftPackageReference "SwiftLint" */ = {
			isa = XCRemoteSwiftPackageReference;
			repositoryURL = "https://github.com/realm/SwiftLint";
			requirement = {
				kind = upToNextMajorVersion;
				minimumVersion = 0.59.1;
			};
		};
/* End XCRemoteSwiftPackageReference section */

/* Begin XCSwiftPackageProductDependency section */
		C1D92B512E33FAC800D59050 /* SwiftLintBuildToolPlugin */ = {
			isa = XCSwiftPackageProductDependency;
			package = C1D92B502E33FA9E00D59050 /* XCRemoteSwiftPackageReference "SwiftLint" */;
			productName = "plugin:SwiftLintBuildToolPlugin";
		};
/* End XCSwiftPackageProductDependency section */
	};
	rootObject = C1D92B192E33F1B100D59050 /* Project object */;
}
